
Microsoft Visual Studio Solution File, Format Version 12.00
# Visual Studio 15
VisualStudioVersion = 15.0.28307.572
MinimumVisualStudioVersion = 10.0.40219.1
Project("{2150E333-8FDC-42A3-9474-1A3956D46DE8}") = "Core", "Core", "{CDC4CEB9-2A4B-4487-8731-4AD7C7A5AA0D}"
EndProject
Project("{FAE04EC0-301F-11D3-BF4B-00C04F79EFBC}") = "CC.Repositories", "CC.Repositories\CC.Repositories.csproj", "{EDB8685C-F27A-412E-B781-018EA90796E4}"
EndProject
Project("{FAE04EC0-301F-11D3-BF4B-00C04F79EFBC}") = "CC.Data", "CC.Data\CC.Data.csproj", "{0AF3F779-964D-468F-8AF9-FFE9B73D9E48}"
EndProject
Project("{FAE04EC0-301F-11D3-BF4B-00C04F79EFBC}") = "CC.ApplicationServices", "CC.ApplicationServices\CC.ApplicationServices.csproj", "{D8F2EEB6-34C0-45FE-97DF-C71F90A2DF89}"
EndProject
Global
	GlobalSection(SolutionConfigurationPlatforms) = preSolution
		Debug|Any CPU = Debug|Any CPU
		Release|Any CPU = Release|Any CPU
	EndGlobalSection
	GlobalSection(ProjectConfigurationPlatforms) = postSolution
		{EDB8685C-F27A-412E-B781-018EA90796E4}.Debug|Any CPU.ActiveCfg = Debug|Any CPU
		{EDB8685C-F27A-412E-B781-018EA90796E4}.Debug|Any CPU.Build.0 = Debug|Any CPU
		{EDB8685C-F27A-412E-B781-018EA90796E4}.Release|Any CPU.ActiveCfg = Release|Any CPU
		{EDB8685C-F27A-412E-B781-018EA90796E4}.Release|Any CPU.Build.0 = Release|Any CPU
		{0AF3F779-964D-468F-8AF9-FFE9B73D9E48}.Debug|Any CPU.ActiveCfg = Debug|Any CPU
		{0AF3F779-964D-468F-8AF9-FFE9B73D9E48}.Debug|Any CPU.Build.0 = Debug|Any CPU
		{0AF3F779-964D-468F-8AF9-FFE9B73D9E48}.Release|Any CPU.ActiveCfg = Release|Any CPU
		{0AF3F779-964D-468F-8AF9-FFE9B73D9E48}.Release|Any CPU.Build.0 = Release|Any CPU
		{D8F2EEB6-34C0-45FE-97DF-C71F90A2DF89}.Debug|Any CPU.ActiveCfg = Debug|Any CPU
		{D8F2EEB6-34C0-45FE-97DF-C71F90A2DF89}.Debug|Any CPU.Build.0 = Debug|Any CPU
		{D8F2EEB6-34C0-45FE-97DF-C71F90A2DF89}.Release|Any CPU.ActiveCfg = Release|Any CPU
		{D8F2EEB6-34C0-45FE-97DF-C71F90A2DF89}.Release|Any CPU.Build.0 = Release|Any CPU
	EndGlobalSection
	GlobalSection(SolutionProperties) = preSolution
		HideSolutionNode = FALSE
	EndGlobalSection
	GlobalSection(NestedProjects) = preSolution
		{EDB8685C-F27A-412E-B781-018EA90796E4} = {CDC4CEB9-2A4B-4487-8731-4AD7C7A5AA0D}
		{0AF3F779-964D-468F-8AF9-FFE9B73D9E48} = {CDC4CEB9-2A4B-4487-8731-4AD7C7A5AA0D}
		{D8F2EEB6-34C0-45FE-97DF-C71F90A2DF89} = {CDC4CEB9-2A4B-4487-8731-4AD7C7A5AA0D}
	EndGlobalSection
	GlobalSection(ExtensibilityGlobals) = postSolution
		SolutionGuid = {231DFBAB-194F-4972-B3B4-76317D790A26}
	EndGlobalSection
EndGlobal
